{
	"name": "saas-app",
	"lockfileVersion": 3,
	"requires": true,
	"packages": {
		"": {
			"name": "saas-app",
			"workspaces": [
				"apps/*",
				"packages/*",
				"config/*"
			],
			"devDependencies": {
				"@biomejs/biome": "^2.2.4",
				"turbo": "^2.5.8"
			},
			"engines": {
				"node": ">=18"
			}
		},
		"apps/docs": {
			"version": "0.1.0",
			"extraneous": true,
			"dependencies": {
				"@repo/ui": "*",
				"next": "^15.5.0",
				"react": "^19.1.0",
				"react-dom": "^19.1.0"
			},
			"devDependencies": {
				"@repo/eslint-config": "*",
				"@repo/typescript-config": "*",
				"@types/node": "^22.15.3",
				"@types/react": "19.1.0",
				"@types/react-dom": "19.1.1",
				"eslint": "^9.34.0",
				"typescript": "5.9.2"
			}
		},
		"apps/web": {
			"version": "0.1.0",
			"extraneous": true,
			"dependencies": {
				"@repo/ui": "*",
				"next": "^15.5.0",
				"react": "^19.1.0",
				"react-dom": "^19.1.0"
			},
			"devDependencies": {
				"@repo/eslint-config": "*",
				"@repo/typescript-config": "*",
				"@types/node": "^22.15.3",
				"@types/react": "19.1.0",
				"@types/react-dom": "19.1.1",
				"eslint": "^9.34.0",
				"typescript": "5.9.2"
			}
		},
		"config/biome-config": {
			"name": "@saas-app/biome",
			"version": "0.0.0",
			"extraneous": true
		},
		"config/eslint-config": {
			"name": "@saas/eslint-config",
			"version": "0.0.0",
			"extraneous": true,
			"devDependencies": {
				"@eslint/js": "^9.34.0",
				"@next/eslint-plugin-next": "^15.5.0",
				"eslint": "^9.34.0",
				"eslint-config-prettier": "^10.1.1",
				"eslint-plugin-only-warn": "^1.1.0",
				"eslint-plugin-react": "^7.37.5",
				"eslint-plugin-react-hooks": "^5.2.0",
				"eslint-plugin-turbo": "^2.5.0",
				"globals": "^16.3.0",
				"typescript": "^5.9.2",
				"typescript-eslint": "^8.40.0"
			}
		},
		"config/typescript-config": {
			"name": "@saas/typescript-config",
			"version": "0.0.0",
			"license": "MIT"
		},
		"node_modules/@biomejs/biome": {
			"version": "2.2.4",
			"resolved": "https://registry.npmjs.org/@biomejs/biome/-/biome-2.2.4.tgz",
			"integrity": "sha512-TBHU5bUy/Ok6m8c0y3pZiuO/BZoY/OcGxoLlrfQof5s8ISVwbVBdFINPQZyFfKwil8XibYWb7JMwnT8wT4WVPg==",
			"dev": true,
			"license": "MIT OR Apache-2.0",
			"bin": {
				"biome": "bin/biome"
			},
			"engines": {
				"node": ">=14.21.3"
			},
			"funding": {
				"type": "opencollective",
				"url": "https://opencollective.com/biome"
			},
			"optionalDependencies": {
				"@biomejs/cli-darwin-arm64": "2.2.4",
				"@biomejs/cli-darwin-x64": "2.2.4",
				"@biomejs/cli-linux-arm64": "2.2.4",
				"@biomejs/cli-linux-arm64-musl": "2.2.4",
				"@biomejs/cli-linux-x64": "2.2.4",
				"@biomejs/cli-linux-x64-musl": "2.2.4",
				"@biomejs/cli-win32-arm64": "2.2.4",
				"@biomejs/cli-win32-x64": "2.2.4"
			}
		},
		"node_modules/@biomejs/cli-darwin-arm64": {
			"version": "2.2.4",
			"resolved": "https://registry.npmjs.org/@biomejs/cli-darwin-arm64/-/cli-darwin-arm64-2.2.4.tgz",
			"integrity": "sha512-RJe2uiyaloN4hne4d2+qVj3d3gFJFbmrr5PYtkkjei1O9c+BjGXgpUPVbi8Pl8syumhzJjFsSIYkcLt2VlVLMA==",
			"cpu": [
				"arm64"
			],
			"dev": true,
			"license": "MIT OR Apache-2.0",
			"optional": true,
			"os": [
				"darwin"
			],
			"engines": {
				"node": ">=14.21.3"
			}
		},
		"node_modules/@biomejs/cli-darwin-x64": {
			"version": "2.2.4",
			"resolved": "https://registry.npmjs.org/@biomejs/cli-darwin-x64/-/cli-darwin-x64-2.2.4.tgz",
			"integrity": "sha512-cFsdB4ePanVWfTnPVaUX+yr8qV8ifxjBKMkZwN7gKb20qXPxd/PmwqUH8mY5wnM9+U0QwM76CxFyBRJhC9tQwg==",
			"cpu": [
				"x64"
			],
			"dev": true,
			"license": "MIT OR Apache-2.0",
			"optional": true,
			"os": [
				"darwin"
			],
			"engines": {
				"node": ">=14.21.3"
			}
		},
		"node_modules/@biomejs/cli-linux-arm64": {
			"version": "2.2.4",
			"resolved": "https://registry.npmjs.org/@biomejs/cli-linux-arm64/-/cli-linux-arm64-2.2.4.tgz",
			"integrity": "sha512-M/Iz48p4NAzMXOuH+tsn5BvG/Jb07KOMTdSVwJpicmhN309BeEyRyQX+n1XDF0JVSlu28+hiTQ2L4rZPvu7nMw==",
			"cpu": [
				"arm64"
			],
			"dev": true,
			"license": "MIT OR Apache-2.0",
			"optional": true,
			"os": [
				"linux"
			],
			"engines": {
				"node": ">=14.21.3"
			}
		},
		"node_modules/@biomejs/cli-linux-arm64-musl": {
			"version": "2.2.4",
			"resolved": "https://registry.npmjs.org/@biomejs/cli-linux-arm64-musl/-/cli-linux-arm64-musl-2.2.4.tgz",
			"integrity": "sha512-7TNPkMQEWfjvJDaZRSkDCPT/2r5ESFPKx+TEev+I2BXDGIjfCZk2+b88FOhnJNHtksbOZv8ZWnxrA5gyTYhSsQ==",
			"cpu": [
				"arm64"
			],
			"dev": true,
			"license": "MIT OR Apache-2.0",
			"optional": true,
			"os": [
				"linux"
			],
			"engines": {
				"node": ">=14.21.3"
			}
		},
		"node_modules/@biomejs/cli-linux-x64": {
			"version": "2.2.4",
			"resolved": "https://registry.npmjs.org/@biomejs/cli-linux-x64/-/cli-linux-x64-2.2.4.tgz",
			"integrity": "sha512-orr3nnf2Dpb2ssl6aihQtvcKtLySLta4E2UcXdp7+RTa7mfJjBgIsbS0B9GC8gVu0hjOu021aU8b3/I1tn+pVQ==",
			"cpu": [
				"x64"
			],
			"dev": true,
			"license": "MIT OR Apache-2.0",
			"optional": true,
			"os": [
				"linux"
			],
			"engines": {
				"node": ">=14.21.3"
			}
		},
		"node_modules/@biomejs/cli-linux-x64-musl": {
			"version": "2.2.4",
			"resolved": "https://registry.npmjs.org/@biomejs/cli-linux-x64-musl/-/cli-linux-x64-musl-2.2.4.tgz",
			"integrity": "sha512-m41nFDS0ksXK2gwXL6W6yZTYPMH0LughqbsxInSKetoH6morVj43szqKx79Iudkp8WRT5SxSh7qVb8KCUiewGg==",
			"cpu": [
				"x64"
			],
			"dev": true,
			"license": "MIT OR Apache-2.0",
			"optional": true,
			"os": [
				"linux"
			],
			"engines": {
				"node": ">=14.21.3"
			}
		},
		"node_modules/@biomejs/cli-win32-arm64": {
			"version": "2.2.4",
			"resolved": "https://registry.npmjs.org/@biomejs/cli-win32-arm64/-/cli-win32-arm64-2.2.4.tgz",
			"integrity": "sha512-NXnfTeKHDFUWfxAefa57DiGmu9VyKi0cDqFpdI+1hJWQjGJhJutHPX0b5m+eXvTKOaf+brU+P0JrQAZMb5yYaQ==",
			"cpu": [
				"arm64"
			],
			"dev": true,
			"license": "MIT OR Apache-2.0",
			"optional": true,
			"os": [
				"win32"
			],
			"engines": {
				"node": ">=14.21.3"
			}
		},
		"node_modules/@biomejs/cli-win32-x64": {
			"version": "2.2.4",
			"resolved": "https://registry.npmjs.org/@biomejs/cli-win32-x64/-/cli-win32-x64-2.2.4.tgz",
			"integrity": "sha512-3Y4V4zVRarVh/B/eSHczR4LYoSVyv3Dfuvm3cWs5w/HScccS0+Wt/lHOcDTRYeHjQmMYVC3rIRWqyN2EI52+zg==",
			"cpu": [
				"x64"
			],
			"dev": true,
			"license": "MIT OR Apache-2.0",
			"optional": true,
			"os": [
				"win32"
			],
			"engines": {
				"node": ">=14.21.3"
			}
		},
		"node_modules/@saas/typescript-config": {
			"resolved": "config/typescript-config",
			"link": true
		},
		"node_modules/turbo": {
			"version": "2.5.8",
			"resolved": "https://registry.npmjs.org/turbo/-/turbo-2.5.8.tgz",
			"integrity": "sha512-5c9Fdsr9qfpT3hA0EyYSFRZj1dVVsb6KIWubA9JBYZ/9ZEAijgUEae0BBR/Xl/wekt4w65/lYLTFaP3JmwSO8w==",
			"dev": true,
			"license": "MIT",
			"bin": {
				"turbo": "bin/turbo"
			},
			"optionalDependencies": {
				"turbo-darwin-64": "2.5.8",
				"turbo-darwin-arm64": "2.5.8",
				"turbo-linux-64": "2.5.8",
				"turbo-linux-arm64": "2.5.8",
				"turbo-windows-64": "2.5.8",
				"turbo-windows-arm64": "2.5.8"
			}
		},
		"node_modules/turbo-darwin-64": {
			"version": "2.5.8",
			"resolved": "https://registry.npmjs.org/turbo-darwin-64/-/turbo-darwin-64-2.5.8.tgz",
			"integrity": "sha512-Dh5bCACiHO8rUXZLpKw+m3FiHtAp2CkanSyJre+SInEvEr5kIxjGvCK/8MFX8SFRjQuhjtvpIvYYZJB4AGCxNQ==",
			"cpu": [
				"x64"
			],
			"dev": true,
			"license": "MIT",
			"optional": true,
			"os": [
				"darwin"
			]
		},
		"node_modules/turbo-darwin-arm64": {
			"version": "2.5.8",
			"resolved": "https://registry.npmjs.org/turbo-darwin-arm64/-/turbo-darwin-arm64-2.5.8.tgz",
			"integrity": "sha512-f1H/tQC9px7+hmXn6Kx/w8Jd/FneIUnvLlcI/7RGHunxfOkKJKvsoiNzySkoHQ8uq1pJnhJ0xNGTlYM48ZaJOQ==",
			"cpu": [
				"arm64"
			],
			"dev": true,
			"license": "MIT",
			"optional": true,
			"os": [
				"darwin"
			]
		},
		"node_modules/turbo-linux-64": {
			"version": "2.5.8",
			"resolved": "https://registry.npmjs.org/turbo-linux-64/-/turbo-linux-64-2.5.8.tgz",
			"integrity": "sha512-hMyvc7w7yadBlZBGl/bnR6O+dJTx3XkTeyTTH4zEjERO6ChEs0SrN8jTFj1lueNXKIHh1SnALmy6VctKMGnWfw==",
			"cpu": [
				"x64"
			],
			"dev": true,
			"license": "MIT",
			"optional": true,
			"os": [
				"linux"
			]
		},
		"node_modules/turbo-linux-arm64": {
			"version": "2.5.8",
			"resolved": "https://registry.npmjs.org/turbo-linux-arm64/-/turbo-linux-arm64-2.5.8.tgz",
			"integrity": "sha512-LQELGa7bAqV2f+3rTMRPnj5G/OHAe2U+0N9BwsZvfMvHSUbsQ3bBMWdSQaYNicok7wOZcHjz2TkESn1hYK6xIQ==",
			"cpu": [
				"arm64"
			],
			"dev": true,
			"license": "MIT",
			"optional": true,
			"os": [
				"linux"
			]
		},
		"node_modules/turbo-windows-64": {
			"version": "2.5.8",
			"resolved": "https://registry.npmjs.org/turbo-windows-64/-/turbo-windows-64-2.5.8.tgz",
			"integrity": "sha512-3YdcaW34TrN1AWwqgYL9gUqmZsMT4T7g8Y5Azz+uwwEJW+4sgcJkIi9pYFyU4ZBSjBvkfuPZkGgfStir5BBDJQ==",
			"cpu": [
				"x64"
			],
			"dev": true,
			"license": "MIT",
			"optional": true,
			"os": [
				"win32"
			]
		},
		"node_modules/turbo-windows-arm64": {
			"version": "2.5.8",
			"resolved": "https://registry.npmjs.org/turbo-windows-arm64/-/turbo-windows-arm64-2.5.8.tgz",
			"integrity": "sha512-eFC5XzLmgXJfnAK3UMTmVECCwuBcORrWdewoiXBnUm934DY6QN8YowC/srhNnROMpaKaqNeRpoB5FxCww3eteQ==",
			"cpu": [
				"arm64"
			],
			"dev": true,
			"license": "MIT",
			"optional": true,
			"os": [
				"win32"
			]
		},
		"packages/eslint-config": {
			"name": "@repo/eslint-config",
			"version": "0.0.0",
			"extraneous": true,
			"devDependencies": {
				"@eslint/js": "^9.34.0",
				"@next/eslint-plugin-next": "^15.5.0",
				"eslint": "^9.34.0",
				"eslint-config-prettier": "^10.1.1",
				"eslint-plugin-only-warn": "^1.1.0",
				"eslint-plugin-react": "^7.37.5",
				"eslint-plugin-react-hooks": "^5.2.0",
				"eslint-plugin-turbo": "^2.5.0",
				"globals": "^16.3.0",
				"typescript": "^5.9.2",
				"typescript-eslint": "^8.40.0"
			}
		},
		"packages/typescript-config": {
			"name": "@repo/typescript-config",
			"version": "0.0.0",
			"extraneous": true,
			"license": "MIT"
		},
		"packages/ui": {
			"name": "@repo/ui",
			"version": "0.0.0",
			"extraneous": true,
			"dependencies": {
				"react": "^19.1.0",
				"react-dom": "^19.1.0"
			},
			"devDependencies": {
				"@repo/eslint-config": "*",
				"@repo/typescript-config": "*",
				"@types/node": "^22.15.3",
				"@types/react": "19.1.0",
				"@types/react-dom": "19.1.1",
				"eslint": "^9.34.0",
				"typescript": "5.9.2"
			}
		}
	}
}
